{
  "name": "jquery-plugin",
  "version": "0.0.0-ignored",
  "lockfileVersion": 1,
  "dependencies": {
    "grunt-contrib-clean": {
      "version": "0.4.1",
      "resolved": "https://registry.npmjs.org/grunt-contrib-clean/-/grunt-contrib-clean-0.4.1.tgz",
      "integrity": "sha1-f49G4vKnGH6cLQg6swJiqmpk4zQ=",
      "dev": true
    }
  }
}
